
Microsoft Visual Studio Solution File, Format Version 12.00
# Visual Studio Version 17
VisualStudioVersion = 17.3.32922.545
MinimumVisualStudioVersion = 10.0.40219.1
Project("{FAE04EC0-301F-11D3-BF4B-00C04F79EFBC}") = "LambdaTypescript", "LambdaTypescript\LambdaTypescript.csproj", "{7E5CFC78-63EA-4BAA-8946-570D37886D3F}"
EndProject
Global
	GlobalSection(SolutionConfigurationPlatforms) = preSolution
		Debug|Any CPU = Debug|Any CPU
		Release|Any CPU = Release|Any CPU
	EndGlobalSection
	GlobalSection(ProjectConfigurationPlatforms) = postSolution
		{7E5CFC78-63EA-4BAA-8946-570D37886D3F}.Debug|Any CPU.ActiveCfg = Debug|Any CPU
		{7E5CFC78-63EA-4BAA-8946-570D37886D3F}.Debug|Any CPU.Build.0 = Debug|Any CPU
		{7E5CFC78-63EA-4BAA-8946-570D37886D3F}.Release|Any CPU.ActiveCfg = Release|Any CPU
		{7E5CFC78-63EA-4BAA-8946-570D37886D3F}.Release|Any CPU.Build.0 = Release|Any CPU
	EndGlobalSection
	GlobalSection(SolutionProperties) = preSolution
		HideSolutionNode = FALSE
	EndGlobalSection
	GlobalSection(ExtensibilityGlobals) = postSolution
		SolutionGuid = {1D4FECE6-07EC-4E6C-A791-DB4035D56FCE}
	EndGlobalSection
EndGlobal
